<?xml version="1.0" encoding="utf-8"?>
<Project ToolsVersion="4.0" xmlns="http://schemas.microsoft.com/developer/msbuild/2003">
  <ItemGroup>
    <Filter Include="windows">
      <UniqueIdentifier>{628ab5a1-cbb1-45d2-90ae-e7e26db92e4c}</UniqueIdentifier>
    </Filter>
    <Filter Include="Scripts">
      <UniqueIdentifier>{1085005e-a717-4ea5-b60c-10ecf0c92d68}</UniqueIdentifier>
    </Filter>
    <Filter Include="Scripts\Player">
      <UniqueIdentifier>{ebe831bb-5c70-44b2-a2ea-31cf3a178913}</UniqueIdentifier>
    </Filter>
    <Filter Include="Scripts\Ground">
      <UniqueIdentifier>{7b98198e-bd91-4a83-bc43-45a179580efc}</UniqueIdentifier>
    </Filter>
  </ItemGroup>
  <ItemGroup>
    <ClInclude Include="framework.h">
      <Filter>windows</Filter>
    </ClInclude>
    <ClInclude Include="pch.h">
      <Filter>windows</Filter>
    </ClInclude>
    <ClInclude Include="ScriptManager.h" />
    <ClInclude Include="Player.h">
      <Filter>Scripts\Player</Filter>
    </ClInclude>
    <ClInclude Include="Ground.h">
      <Filter>Scripts\Ground</Filter>
    </ClInclude>
    <ClInclude Include="PlayerDefaultState.h">
      <Filter>Scripts\Player</Filter>
    </ClInclude>
  </ItemGroup>
  <ItemGroup>
    <ClCompile Include="pch.cpp">
      <Filter>windows</Filter>
    </ClCompile>
    <ClCompile Include="main.cpp">
      <Filter>windows</Filter>
    </ClCompile>
    <ClCompile Include="ScriptManager.cpp" />
    <ClCompile Include="Player.cpp">
      <Filter>Scripts\Player</Filter>
    </ClCompile>
    <ClCompile Include="Ground.cpp">
      <Filter>Scripts\Ground</Filter>
    </ClCompile>
    <ClCompile Include="PlayerDefaultState.cpp">
      <Filter>Scripts\Player</Filter>
    </ClCompile>
  </ItemGroup>
  <ItemGroup>
    <None Include="Player.inl">
      <Filter>Scripts\Player</Filter>
    </None>
  </ItemGroup>
</Project>