
Microsoft Visual Studio Solution File, Format Version 12.00
# Visual Studio Version 17
VisualStudioVersion = 17.11.35312.102
MinimumVisualStudioVersion = 10.0.40219.1
Project("{8BC9CEB8-8B4A-11D0-8D11-00A0C91BC942}") = "Client", "Project\Client\Client.vcxproj", "{EFE75600-F1AF-4DD5-9ABB-580A09A46C1C}"
	ProjectSection(ProjectDependencies) = postProject
		{355DBDE5-6BF7-4541-AF80-44C3EAA5373B} = {355DBDE5-6BF7-4541-AF80-44C3EAA5373B}
	EndProjectSection
EndProject
Project("{8BC9CEB8-8B4A-11D0-8D11-00A0C91BC942}") = "Engine", "Project\Engine\Engine.vcxproj", "{355DBDE5-6BF7-4541-AF80-44C3EAA5373B}"
EndProject
Global
	GlobalSection(SolutionConfigurationPlatforms) = preSolution
		Debug|x64 = Debug|x64
		Debug|x86 = Debug|x86
		Release|x64 = Release|x64
		Release|x86 = Release|x86
	EndGlobalSection
	GlobalSection(ProjectConfigurationPlatforms) = postSolution
		{EFE75600-F1AF-4DD5-9ABB-580A09A46C1C}.Debug|x64.ActiveCfg = Debug|x64
		{EFE75600-F1AF-4DD5-9ABB-580A09A46C1C}.Debug|x64.Build.0 = Debug|x64
		{EFE75600-F1AF-4DD5-9ABB-580A09A46C1C}.Debug|x86.ActiveCfg = Debug|Win32
		{EFE75600-F1AF-4DD5-9ABB-580A09A46C1C}.Debug|x86.Build.0 = Debug|Win32
		{EFE75600-F1AF-4DD5-9ABB-580A09A46C1C}.Release|x64.ActiveCfg = Release|x64
		{EFE75600-F1AF-4DD5-9ABB-580A09A46C1C}.Release|x64.Build.0 = Release|x64
		{EFE75600-F1AF-4DD5-9ABB-580A09A46C1C}.Release|x86.ActiveCfg = Release|Win32
		{EFE75600-F1AF-4DD5-9ABB-580A09A46C1C}.Release|x86.Build.0 = Release|Win32
		{355DBDE5-6BF7-4541-AF80-44C3EAA5373B}.Debug|x64.ActiveCfg = Debug|x64
		{355DBDE5-6BF7-4541-AF80-44C3EAA5373B}.Debug|x64.Build.0 = Debug|x64
		{355DBDE5-6BF7-4541-AF80-44C3EAA5373B}.Debug|x86.ActiveCfg = Debug|Win32
		{355DBDE5-6BF7-4541-AF80-44C3EAA5373B}.Debug|x86.Build.0 = Debug|Win32
		{355DBDE5-6BF7-4541-AF80-44C3EAA5373B}.Release|x64.ActiveCfg = Release|x64
		{355DBDE5-6BF7-4541-AF80-44C3EAA5373B}.Release|x64.Build.0 = Release|x64
		{355DBDE5-6BF7-4541-AF80-44C3EAA5373B}.Release|x86.ActiveCfg = Release|Win32
		{355DBDE5-6BF7-4541-AF80-44C3EAA5373B}.Release|x86.Build.0 = Release|Win32
	EndGlobalSection
	GlobalSection(SolutionProperties) = preSolution
		HideSolutionNode = FALSE
	EndGlobalSection
	GlobalSection(ExtensibilityGlobals) = postSolution
		SolutionGuid = {217FB9DC-90E1-4D17-9191-AE896B64C826}
	EndGlobalSection
EndGlobal
