<?xml version="1.0" encoding="utf-8"?>
<Project ToolsVersion="4.0" xmlns="http://schemas.microsoft.com/developer/msbuild/2003">
  <ItemGroup>
    <Filter Include="windows">
      <UniqueIdentifier>{497c679c-bbc5-4f9b-a6a9-60d4e7e6ae47}</UniqueIdentifier>
    </Filter>
  </ItemGroup>
  <ItemGroup>
    <ClInclude Include="main.h">
      <Filter>windows</Filter>
    </ClInclude>
    <ClInclude Include="framework.h">
      <Filter>windows</Filter>
    </ClInclude>
    <ClInclude Include="pch.h">
      <Filter>windows</Filter>
    </ClInclude>
    <ClInclude Include="Resource.h">
      <Filter>windows</Filter>
    </ClInclude>
    <ClInclude Include="targetver.h">
      <Filter>windows</Filter>
    </ClInclude>
    <ClInclude Include="TestLevel.h" />
  </ItemGroup>
  <ItemGroup>
    <ClCompile Include="pch.cpp">
      <Filter>windows</Filter>
    </ClCompile>
    <ClCompile Include="main.cpp" />
    <ClCompile Include="TestLevel.cpp" />
  </ItemGroup>
  <ItemGroup>
    <Image Include="Client.ico">
      <Filter>windows</Filter>
    </Image>
    <Image Include="small.ico">
      <Filter>windows</Filter>
    </Image>
  </ItemGroup>
  <ItemGroup>
    <ResourceCompile Include="Client.rc">
      <Filter>windows</Filter>
    </ResourceCompile>
  </ItemGroup>
</Project>